
Microsoft Visual Studio Solution File, Format Version 12.00
# Visual Studio 15
VisualStudioVersion = 15.0.26228.9
MinimumVisualStudioVersion = 10.0.40219.1
Project("{FAE04EC0-301F-11D3-BF4B-00C04F79EFBC}") = "Betterspecs.Core", "Betterspecs.core\Betterspecs.Core.csproj", "{E626C199-6CFC-466E-A212-C385CDF40AB4}"
EndProject
Project("{FAE04EC0-301F-11D3-BF4B-00C04F79EFBC}") = "Betterspecs.Demo", "Betterspecs.Demo\Betterspecs.Demo.csproj", "{1A0326C2-15E4-44C5-82BD-B7D6A586271D}"
EndProject
Global
	GlobalSection(SolutionConfigurationPlatforms) = preSolution
		Debug|Any CPU = Debug|Any CPU
		Release|Any CPU = Release|Any CPU
	EndGlobalSection
	GlobalSection(ProjectConfigurationPlatforms) = postSolution
		{E626C199-6CFC-466E-A212-C385CDF40AB4}.Debug|Any CPU.ActiveCfg = Debug|Any CPU
		{E626C199-6CFC-466E-A212-C385CDF40AB4}.Debug|Any CPU.Build.0 = Debug|Any CPU
		{E626C199-6CFC-466E-A212-C385CDF40AB4}.Release|Any CPU.ActiveCfg = Release|Any CPU
		{E626C199-6CFC-466E-A212-C385CDF40AB4}.Release|Any CPU.Build.0 = Release|Any CPU
		{1A0326C2-15E4-44C5-82BD-B7D6A586271D}.Debug|Any CPU.ActiveCfg = Debug|Any CPU
		{1A0326C2-15E4-44C5-82BD-B7D6A586271D}.Debug|Any CPU.Build.0 = Debug|Any CPU
		{1A0326C2-15E4-44C5-82BD-B7D6A586271D}.Release|Any CPU.ActiveCfg = Release|Any CPU
		{1A0326C2-15E4-44C5-82BD-B7D6A586271D}.Release|Any CPU.Build.0 = Release|Any CPU
	EndGlobalSection
	GlobalSection(SolutionProperties) = preSolution
		HideSolutionNode = FALSE
	EndGlobalSection
EndGlobal
